Microsoft Visual Studio Solution File, Format Version 12.00
# Visual Studio Version 17
VisualStudioVersion = 17.5.2.0
MinimumVisualStudioVersion = 10.0.40219.1
Project("{FAE04EC0-301F-11D3-BF4B-00C04F79EFBC}") = "KoalaWiki", "KoalaWiki.csproj", "{87BAB4B4-C4ED-F373-3BB8-1538658234D5}"
EndProject
Global
	GlobalSection(SolutionConfigurationPlatforms) = preSolution
		Debug|Any CPU = Debug|Any CPU
		Release|Any CPU = Release|Any CPU
	EndGlobalSection
	GlobalSection(ProjectConfigurationPlatforms) = postSolution
		{87BAB4B4-C4ED-F373-3BB8-1538658234D5}.Debug|Any CPU.ActiveCfg = Debug|Any CPU
		{87BAB4B4-C4ED-F373-3BB8-1538658234D5}.Debug|Any CPU.Build.0 = Debug|Any CPU
		{87BAB4B4-C4ED-F373-3BB8-1538658234D5}.Release|Any CPU.ActiveCfg = Release|Any CPU
		{87BAB4B4-C4ED-F373-3BB8-1538658234D5}.Release|Any CPU.Build.0 = Release|Any CPU
	EndGlobalSection
	GlobalSection(SolutionProperties) = preSolution
		HideSolutionNode = FALSE
	EndGlobalSection
	GlobalSection(ExtensibilityGlobals) = postSolution
		SolutionGuid = {BE9DDBC0-7B01-4ADE-8CEF-77C1E3E14509}
	EndGlobalSection
EndGlobal
